// !$*UTF8*$!
{
	archiveVersion = 1;
	classes = {
	};
	objectVersion = 50;
	objects = {

/* Begin PBXBuildFile section */
		2E881F8D230BCA4900B3EBCC /* AppDelegate.swift in Sources */ = {isa = PBXBuildFile; fileRef = 2E881F8C230BCA4900B3EBCC /* AppDelegate.swift */; };
		2E881F8F230BCA4A00B3EBCC /* ViewController.swift in Sources */ = {isa = PBXBuildFile; fileRef = 2E881F8E230BCA4A00B3EBCC /* ViewController.swift */; };
		2E881F92230BCA4A00B3EBCC /* Main.storyboard in Resources */ = {isa = PBXBuildFile; fileRef = 2E881F90230BCA4A00B3EBCC /* Main.storyboard */; };
		2E881F94230BCA4C00B3EBCC /* Assets.xcassets in Resources */ = {isa = PBXBuildFile; fileRef = 2E881F93230BCA4C00B3EBCC /* Assets.xcassets */; };
		2E881F97230BCA4C00B3EBCC /* LaunchScreen.storyboard in Resources */ = {isa = PBXBuildFile; fileRef = 2E881F95230BCA4C00B3EBCC /* LaunchScreen.storyboard */; };
		2E881FA2230BCA4C00B3EBCC /* Magic_8_BallTests.swift in Sources */ = {isa = PBXBuildFile; fileRef = 2E881FA1230BCA4C00B3EBCC /* Magic_8_BallTests.swift */; };
		2E881FAD230BCA4C00B3EBCC /* Magic_8_BallUITests.swift in Sources */ = {isa = PBXBuildFile; fileRef = 2E881FAC230BCA4C00B3EBCC /* Magic_8_BallUITests.swift */; };
/* End PBXBuildFile section */

/* Begin PBXContainerItemProxy section */
		2E881F9E230BCA4C00B3EBCC /* PBXContainerItemProxy */ = {
			isa = PBXContainerItemProxy;
			containerPortal = 2E881F81230BCA4900B3EBCC /* Project object */;
			proxyType = 1;
			remoteGlobalIDString = 2E881F88230BCA4900B3EBCC;
			remoteInfo = "Magic 8 Ball";
		};
		2E881FA9230BCA4C00B3EBCC /* PBXContainerItemProxy */ = {
			isa = PBXContainerItemProxy;
			containerPortal = 2E881F81230BCA4900B3EBCC /* Project object */;
			proxyType = 1;
			remoteGlobalIDString = 2E881F88230BCA4900B3EBCC;
			remoteInfo = "Magic 8 Ball";
		};
/* End PBXContainerItemProxy section */

/* Begin PBXFileReference section */
		2E881F89230BCA4900B3EBCC /* Magic 8 Ball.app */ = {isa = PBXFileReference; explicitFileType = wrapper.application; includeInIndex = 0; path = "Magic 8 Ball.app"; sourceTree = BUILT_PRODUCTS_DIR; };
		2E881F8C230BCA4900B3EBCC /* AppDelegate.swift */ = {isa = PBXFileReference; lastKnownFileType = sourcecode.swift; path = AppDelegate.swift; sourceTree = "<group>"; };
		2E881F8E230BCA4A00B3EBCC /* ViewController.swift */ = {isa = PBXFileReference; lastKnownFileType = sourcecode.swift; path = ViewController.swift; sourceTree = "<group>"; };
		2E881F91230BCA4A00B3EBCC /* Base */ = {isa = PBXFileReference; lastKnownFileType = file.storyboard; name = Base; path = Base.lproj/Main.storyboard; sourceTree = "<group>"; };
		2E881F93230BCA4C00B3EBCC /* Assets.xcassets */ = {isa = PBXFileReference; lastKnownFileType = folder.assetcatalog; path = Assets.xcassets; sourceTree = "<group>"; };
		2E881F96230BCA4C00B3EBCC /* Base */ = {isa = PBXFileReference; lastKnownFileType = file.storyboard; name = Base; path = Base.lproj/LaunchScreen.storyboard; sourceTree = "<group>"; };
		2E881F98230BCA4C00B3EBCC /* Info.plist */ = {isa = PBXFileReference; lastKnownFileType = text.plist.xml; path = Info.plist; sourceTree = "<group>"; };
		2E881F9D230BCA4C00B3EBCC /* Magic 8 BallTests.xctest */ = {isa = PBXFileReference; explicitFileType = wrapper.cfbundle; includeInIndex = 0; path = "Magic 8 BallTests.xctest"; sourceTree = BUILT_PRODUCTS_DIR; };
		2E881FA1230BCA4C00B3EBCC /* Magic_8_BallTests.swift */ = {isa = PBXFileReference; lastKnownFileType = sourcecode.swift; path = Magic_8_BallTests.swift; sourceTree = "<group>"; };
		2E881FA3230BCA4C00B3EBCC /* Info.plist */ = {isa = PBXFileReference; lastKnownFileType = text.plist.xml; path = Info.plist; sourceTree = "<group>"; };
		2E881FA8230BCA4C00B3EBCC /* Magic 8 BallUITests.xctest */ = {isa = PBXFileReference; explicitFileType = wrapper.cfbundle; includeInIndex = 0; path = "Magic 8 BallUITests.xctest"; sourceTree = BUILT_PRODUCTS_DIR; };
		2E881FAC230BCA4C00B3EBCC /* Magic_8_BallUITests.swift */ = {isa = PBXFileReference; lastKnownFileType = sourcecode.swift; path = Magic_8_BallUITests.swift; sourceTree = "<group>"; };
		2E881FAE230BCA4C00B3EBCC /* Info.plist */ = {isa = PBXFileReference; lastKnownFileType = text.plist.xml; path = Info.plist; sourceTree = "<group>"; };
/* End PBXFileReference section */

/* Begin PBXFrameworksBuildPhase section */
		2E881F86230BCA4900B3EBCC /* Frameworks */ = {
			isa = PBXFrameworksBuildPhase;
			buildActionMask = 2147483647;
			files = (
			);
			runOnlyForDeploymentPostprocessing = 0;
		};
		2E881F9A230BCA4C00B3EBCC /* Frameworks */ = {
			isa = PBXFrameworksBuildPhase;
			buildActionMask = 2147483647;
			files = (
			);
			runOnlyForDeploymentPostprocessing = 0;
		};
		2E881FA5230BCA4C00B3EBCC /* Frameworks */ = {
			isa = PBXFrameworksBuildPhase;
			buildActionMask = 2147483647;
			files = (
			);
			runOnlyForDeploymentPostprocessing = 0;
		};
/* End PBXFrameworksBuildPhase section */

/* Begin PBXGroup section */
		2E881F80230BCA4900B3EBCC = {
			isa = PBXGroup;
			children = (
				2E881F8B230BCA4900B3EBCC /* Magic 8 Ball */,
				2E881FA0230BCA4C00B3EBCC /* Magic 8 BallTests */,
				2E881FAB230BCA4C00B3EBCC /* Magic 8 BallUITests */,
				2E881F8A230BCA4900B3EBCC /* Products */,
			);
			sourceTree = "<group>";
		};
		2E881F8A230BCA4900B3EBCC /* Products */ = {
			isa = PBXGroup;
			children = (
				2E881F89230BCA4900B3EBCC /* Magic 8 Ball.app */,
				2E881F9D230BCA4C00B3EBCC /* Magic 8 BallTests.xctest */,
				2E881FA8230BCA4C00B3EBCC /* Magic 8 BallUITests.xctest */,
			);
			name = Products;
			sourceTree = "<group>";
		};
		2E881F8B230BCA4900B3EBCC /* Magic 8 Ball */ = {
			isa = PBXGroup;
			children = (
				2E881F8C230BCA4900B3EBCC /* AppDelegate.swift */,
				2E881F8E230BCA4A00B3EBCC /* ViewController.swift */,
				2E881F90230BCA4A00B3EBCC /* Main.storyboard */,
				2E881F93230BCA4C00B3EBCC /* Assets.xcassets */,
				2E881F95230BCA4C00B3EBCC /* LaunchScreen.storyboard */,
				2E881F98230BCA4C00B3EBCC /* Info.plist */,
			);
			path = "Magic 8 Ball";
			sourceTree = "<group>";
		};
		2E881FA0230BCA4C00B3EBCC /* Magic 8 BallTests */ = {
			isa = PBXGroup;
			children = (
				2E881FA1230BCA4C00B3EBCC /* Magic_8_BallTests.swift */,
				2E881FA3230BCA4C00B3EBCC /* Info.plist */,
			);
			path = "Magic 8 BallTests";
			sourceTree = "<group>";
		};
		2E881FAB230BCA4C00B3EBCC /* Magic 8 BallUITests */ = {
			isa = PBXGroup;
			children = (
				2E881FAC230BCA4C00B3EBCC /* Magic_8_BallUITests.swift */,
				2E881FAE230BCA4C00B3EBCC /* Info.plist */,
			);
			path = "Magic 8 BallUITests";
			sourceTree = "<group>";
		};
/* End PBXGroup section */

/* Begin PBXNativeTarget section */
		2E881F88230BCA4900B3EBCC /* Magic 8 Ball */ = {
			isa = PBXNativeTarget;
			buildConfigurationList = 2E881FB1230BCA4C00B3EBCC /* Build configuration list for PBXNativeTarget "Magic 8 Ball" */;
			buildPhases = (
				2E881F85230BCA4900B3EBCC /* Sources */,
				2E881F86230BCA4900B3EBCC /* Frameworks */,
				2E881F87230BCA4900B3EBCC /* Resources */,
			);
			buildRules = (
			);
			dependencies = (
			);
			name = "Magic 8 Ball";
			productName = "Magic 8 Ball";
			productReference = 2E881F89230BCA4900B3EBCC /* Magic 8 Ball.app */;
			productType = "com.apple.product-type.application";
		};
		2E881F9C230BCA4C00B3EBCC /* Magic 8 BallTests */ = {
			isa = PBXNativeTarget;
			buildConfigurationList = 2E881FB4230BCA4C00B3EBCC /* Build configuration list for PBXNativeTarget "Magic 8 BallTests" */;
			buildPhases = (
				2E881F99230BCA4C00B3EBCC /* Sources */,
				2E881F9A230BCA4C00B3EBCC /* Frameworks */,
				2E881F9B230BCA4C00B3EBCC /* Resources */,
			);
			buildRules = (
			);
			dependencies = (
				2E881F9F230BCA4C00B3EBCC /* PBXTargetDependency */,
			);
			name = "Magic 8 BallTests";
			productName = "Magic 8 BallTests";
			productReference = 2E881F9D230BCA4C00B3EBCC /* Magic 8 BallTests.xctest */;
			productType = "com.apple.product-type.bundle.unit-test";
		};
		2E881FA7230BCA4C00B3EBCC /* Magic 8 BallUITests */ = {
			isa = PBXNativeTarget;
			buildConfigurationList = 2E881FB7230BCA4C00B3EBCC /* Build configuration list for PBXNativeTarget "Magic 8 BallUITests" */;
			buildPhases = (
				2E881FA4230BCA4C00B3EBCC /* Sources */,
				2E881FA5230BCA4C00B3EBCC /* Frameworks */,
				2E881FA6230BCA4C00B3EBCC /* Resources */,
			);
			buildRules = (
			);
			dependencies = (
				2E881FAA230BCA4C00B3EBCC /* PBXTargetDependency */,
			);
			name = "Magic 8 BallUITests";
			productName = "Magic 8 BallUITests";
			productReference = 2E881FA8230BCA4C00B3EBCC /* Magic 8 BallUITests.xctest */;
			productType = "com.apple.product-type.bundle.ui-testing";
		};
/* End PBXNativeTarget section */

/* Begin PBXProject section */
		2E881F81230BCA4900B3EBCC /* Project object */ = {
			isa = PBXProject;
			attributes = {
				LastSwiftUpdateCheck = 1010;
				LastUpgradeCheck = 1010;
				ORGANIZATIONNAME = ConstantMD;
				TargetAttributes = {
					2E881F88230BCA4900B3EBCC = {
						CreatedOnToolsVersion = 10.1;
					};
					2E881F9C230BCA4C00B3EBCC = {
						CreatedOnToolsVersion = 10.1;
						TestTargetID = 2E881F88230BCA4900B3EBCC;
					};
					2E881FA7230BCA4C00B3EBCC = {
						CreatedOnToolsVersion = 10.1;
						TestTargetID = 2E881F88230BCA4900B3EBCC;
					};
				};
			};
			buildConfigurationList = 2E881F84230BCA4900B3EBCC /* Build configuration list for PBXProject "Magic 8 Ball" */;
			compatibilityVersion = "Xcode 9.3";
			developmentRegion = en;
			hasScannedForEncodings = 0;
			knownRegions = (
				en,
				Base,
			);
			mainGroup = 2E881F80230BCA4900B3EBCC;
			productRefGroup = 2E881F8A230BCA4900B3EBCC /* Products */;
			projectDirPath = "";
			projectRoot = "";
			targets = (
				2E881F88230BCA4900B3EBCC /* Magic 8 Ball */,
				2E881F9C230BCA4C00B3EBCC /* Magic 8 BallTests */,
				2E881FA7230BCA4C00B3EBCC /* Magic 8 BallUITests */,
			);
		};
/* End PBXProject section */

/* Begin PBXResourcesBuildPhase section */
		2E881F87230BCA4900B3EBCC /* Resources */ = {
			isa = PBXResourcesBuildPhase;
			buildActionMask = 2147483647;
			files = (
				2E881F97230BCA4C00B3EBCC /* LaunchScreen.storyboard in Resources */,
				2E881F94230BCA4C00B3EBCC /* Assets.xcassets in Resources */,
				2E881F92230BCA4A00B3EBCC /* Main.storyboard in Resources */,
			);
			runOnlyForDeploymentPostprocessing = 0;
		};
		2E881F9B230BCA4C00B3EBCC /* Resources */ = {
			isa = PBXResourcesBuildPhase;
			buildActionMask = 2147483647;
			files = (
			);
			runOnlyForDeploymentPostprocessing = 0;
		};
		2E881FA6230BCA4C00B3EBCC /* Resources */ = {
			isa = PBXResourcesBuildPhase;
			buildActionMask = 2147483647;
			files = (
			);
			runOnlyForDeploymentPostprocessing = 0;
		};
/* End PBXResourcesBuildPhase section */

/* Begin PBXSourcesBuildPhase section */
		2E881F85230BCA4900B3EBCC /* Sources */ = {
			isa = PBXSourcesBuildPhase;
			buildActionMask = 2147483647;
			files = (
				2E881F8F230BCA4A00B3EBCC /* ViewController.swift in Sources */,
				2E881F8D230BCA4900B3EBCC /* AppDelegate.swift in Sources */,
			);
			runOnlyForDeploymentPostprocessing = 0;
		};
		2E881F99230BCA4C00B3EBCC /* Sources */ = {
			isa = PBXSourcesBuildPhase;
			buildActionMask = 2147483647;
			files = (
				2E881FA2230BCA4C00B3EBCC /* Magic_8_BallTests.swift in Sources */,
			);
			runOnlyForDeploymentPostprocessing = 0;
		};
		2E881FA4230BCA4C00B3EBCC /* Sources */ = {
			isa = PBXSourcesBuildPhase;
			buildActionMask = 2147483647;
			files = (
				2E881FAD230BCA4C00B3EBCC /* Magic_8_BallUITests.swift in Sources */,
			);
			runOnlyForDeploymentPostprocessing = 0;
		};
/* End PBXSourcesBuildPhase section */

/* Begin PBXTargetDependency section */
		2E881F9F230BCA4C00B3EBCC /* PBXTargetDependency */ = {
			isa = PBXTargetDependency;
			target = 2E881F88230BCA4900B3EBCC /* Magic 8 Ball */;
			targetProxy = 2E881F9E230BCA4C00B3EBCC /* PBXContainerItemProxy */;
		};
		2E881FAA230BCA4C00B3EBCC /* PBXTargetDependency */ = {
			isa = PBXTargetDependency;
			target = 2E881F88230BCA4900B3EBCC /* Magic 8 Ball */;
			targetProxy = 2E881FA9230BCA4C00B3EBCC /* PBXContainerItemProxy */;
		};
/* End PBXTargetDependency section */

/* Begin PBXVariantGroup section */
		2E881F90230BCA4A00B3EBCC /* Main.storyboard */ = {
			isa = PBXVariantGroup;
			children = (
				2E881F91230BCA4A00B3EBCC /* Base */,
			);
			name = Main.storyboard;
			sourceTree = "<group>";
		};
		2E881F95230BCA4C00B3EBCC /* LaunchScreen.storyboard */ = {
			isa = PBXVariantGroup;
			children = (
				2E881F96230BCA4C00B3EBCC /* Base */,
			);
			name = LaunchScreen.storyboard;
			sourceTree = "<group>";
		};
/* End PBXVariantGroup section */

/* Begin XCBuildConfiguration section */
		2E881FAF230BCA4C00B3EBCC /* Debug */ = {
			isa = XCBuildConfiguration;
			buildSettings = {
				ALWAYS_SEARCH_USER_PATHS = NO;
				CLANG_ANALYZER_NONNULL = YES;
				CLANG_ANALYZER_NUMBER_OBJECT_CONVERSION = YES_AGGRESSIVE;
				CLANG_CXX_LANGUAGE_STANDARD = "gnu++14";
				CLANG_CXX_LIBRARY = "libc++";
				CLANG_ENABLE_MODULES = YES;
				CLANG_ENABLE_OBJC_ARC = YES;
				CLANG_ENABLE_OBJC_WEAK = YES;
				CLANG_WARN_BLOCK_CAPTURE_AUTORELEASING = YES;
				CLANG_WARN_BOOL_CONVERSION = YES;
				CLANG_WARN_COMMA = YES;
				CLANG_WARN_CONSTANT_CONVERSION = YES;
				CLANG_WARN_DEPRECATED_OBJC_IMPLEMENTATIONS = YES;
				CLANG_WARN_DIRECT_OBJC_ISA_USAGE = YES_ERROR;
				CLANG_WARN_DOCUMENTATION_COMMENTS = YES;
				CLANG_WARN_EMPTY_BODY = YES;
				CLANG_WARN_ENUM_CONVERSION = YES;
				CLANG_WARN_INFINITE_RECURSION = YES;
				CLANG_WARN_INT_CONVERSION = YES;
				CLANG_WARN_NON_LITERAL_NULL_CONVERSION = YES;
				CLANG_WARN_OBJC_IMPLICIT_RETAIN_SELF = YES;
				CLANG_WARN_OBJC_LITERAL_CONVERSION = YES;
				CLANG_WARN_OBJC_ROOT_CLASS = YES_ERROR;
				CLANG_WARN_RANGE_LOOP_ANALYSIS = YES;
				CLANG_WARN_STRICT_PROTOTYPES = YES;
				CLANG_WARN_SUSPICIOUS_MOVE = YES;
				CLANG_WARN_UNGUARDED_AVAILABILITY = YES_AGGRESSIVE;
				CLANG_WARN_UNREACHABLE_CODE = YES;
				CLANG_WARN__DUPLICATE_METHOD_MATCH = YES;
				CODE_SIGN_IDENTITY = "iPhone Developer";
				COPY_PHASE_STRIP = NO;
				DEBUG_INFORMATION_FORMAT = dwarf;
				ENABLE_STRICT_OBJC_MSGSEND = YES;
				ENABLE_TESTABILITY = YES;
				GCC_C_LANGUAGE_STANDARD = gnu11;
				GCC_DYNAMIC_NO_PIC = NO;
				GCC_NO_COMMON_BLOCKS = YES;
				GCC_OPTIMIZATION_LEVEL = 0;
				GCC_PREPROCESSOR_DEFINITIONS = (
					"DEBUG=1",
					"$(inherited)",
				);
				GCC_WARN_64_TO_32_BIT_CONVERSION = YES;
				GCC_WARN_ABOUT_RETURN_TYPE = YES_ERROR;
				GCC_WARN_UNDECLARED_SELECTOR = YES;
				GCC_WARN_UNINITIALIZED_AUTOS = YES_AGGRESSIVE;
				GCC_WARN_UNUSED_FUNCTION = YES;
				GCC_WARN_UNUSED_VARIABLE = YES;
				IPHONEOS_DEPLOYMENT_TARGET = 12.1;
				MTL_ENABLE_DEBUG_INFO = INCLUDE_SOURCE;
				MTL_FAST_MATH = YES;
				ONLY_ACTIVE_ARCH = YES;
				SDKROOT = iphoneos;
				SWIFT_ACTIVE_COMPILATION_CONDITIONS = DEBUG;
				SWIFT_OPTIMIZATION_LEVEL = "-Onone";
			};
			name = Debug;
		};
		2E881FB0230BCA4C00B3EBCC /* Release */ = {
			isa = XCBuildConfiguration;
			buildSettings = {
				ALWAYS_SEARCH_USER_PATHS = NO;
				CLANG_ANALYZER_NONNULL = YES;
				CLANG_ANALYZER_NUMBER_OBJECT_CONVERSION = YES_AGGRESSIVE;
				CLANG_CXX_LANGUAGE_STANDARD = "gnu++14";
				CLANG_CXX_LIBRARY = "libc++";
				CLANG_ENABLE_MODULES = YES;
				CLANG_ENABLE_OBJC_ARC = YES;
				CLANG_ENABLE_OBJC_WEAK = YES;
				CLANG_WARN_BLOCK_CAPTURE_AUTORELEASING = YES;
				CLANG_WARN_BOOL_CONVERSION = YES;
				CLANG_WARN_COMMA = YES;
				CLANG_WARN_CONSTANT_CONVERSION = YES;
				CLANG_WARN_DEPRECATED_OBJC_IMPLEMENTATIONS = YES;
				CLANG_WARN_DIRECT_OBJC_ISA_USAGE = YES_ERROR;
				CLANG_WARN_DOCUMENTATION_COMMENTS = YES;
				CLANG_WARN_EMPTY_BODY = YES;
				CLANG_WARN_ENUM_CONVERSION = YES;
				CLANG_WARN_INFINITE_RECURSION = YES;
				CLANG_WARN_INT_CONVERSION = YES;
				CLANG_WARN_NON_LITERAL_NULL_CONVERSION = YES;
				CLANG_WARN_OBJC_IMPLICIT_RETAIN_SELF = YES;
				CLANG_WARN_OBJC_LITERAL_CONVERSION = YES;
				CLANG_WARN_OBJC_ROOT_CLASS = YES_ERROR;
				CLANG_WARN_RANGE_LOOP_ANALYSIS = YES;
				CLANG_WARN_STRICT_PROTOTYPES = YES;
				CLANG_WARN_SUSPICIOUS_MOVE = YES;
				CLANG_WARN_UNGUARDED_AVAILABILITY = YES_AGGRESSIVE;
				CLANG_WARN_UNREACHABLE_CODE = YES;
				CLANG_WARN__DUPLICATE_METHOD_MATCH = YES;
				CODE_SIGN_IDENTITY = "iPhone Developer";
				COPY_PHASE_STRIP = NO;
				DEBUG_INFORMATION_FORMAT = "dwarf-with-dsym";
				ENABLE_NS_ASSERTIONS = NO;
				ENABLE_STRICT_OBJC_MSGSEND = YES;
				GCC_C_LANGUAGE_STANDARD = gnu11;
				GCC_NO_COMMON_BLOCKS = YES;
				GCC_WARN_64_TO_32_BIT_CONVERSION = YES;
				GCC_WARN_ABOUT_RETURN_TYPE = YES_ERROR;
				GCC_WARN_UNDECLARED_SELECTOR = YES;
				GCC_WARN_UNINITIALIZED_AUTOS = YES_AGGRESSIVE;
				GCC_WARN_UNUSED_FUNCTION = YES;
				GCC_WARN_UNUSED_VARIABLE = YES;
				IPHONEOS_DEPLOYMENT_TARGET = 12.1;
				MTL_ENABLE_DEBUG_INFO = NO;
				MTL_FAST_MATH = YES;
				SDKROOT = iphoneos;
				SWIFT_COMPILATION_MODE = wholemodule;
				SWIFT_OPTIMIZATION_LEVEL = "-O";
				VALIDATE_PRODUCT = YES;
			};
			name = Release;
		};
		2E881FB2230BCA4C00B3EBCC /* Debug */ = {
			isa = XCBuildConfiguration;
			buildSettings = {
				ASSETCATALOG_COMPILER_APPICON_NAME = AppIcon;
				CODE_SIGN_STYLE = Automatic;
				DEVELOPMENT_TEAM = FSSRZ8K3PS;
				INFOPLIST_FILE = "Magic 8 Ball/Info.plist";
				LD_RUNPATH_SEARCH_PATHS = (
					"$(inherited)",
					"@executable_path/Frameworks",
				);
				PRODUCT_BUNDLE_IDENTIFIER = "ConstantMD.Magic-8-Ball";
				PRODUCT_NAME = "$(TARGET_NAME)";
				SWIFT_VERSION = 4.2;
				TARGETED_DEVICE_FAMILY = "1,2";
			};
			name = Debug;
		};
		2E881FB3230BCA4C00B3EBCC /* Release */ = {
			isa = XCBuildConfiguration;
			buildSettings = {
				ASSETCATALOG_COMPILER_APPICON_NAME = AppIcon;
				CODE_SIGN_STYLE = Automatic;
				DEVELOPMENT_TEAM = FSSRZ8K3PS;
				INFOPLIST_FILE = "Magic 8 Ball/Info.plist";
				LD_RUNPATH_SEARCH_PATHS = (
					"$(inherited)",
					"@executable_path/Frameworks",
				);
				PRODUCT_BUNDLE_IDENTIFIER = "ConstantMD.Magic-8-Ball";
				PRODUCT_NAME = "$(TARGET_NAME)";
				SWIFT_VERSION = 4.2;
				TARGETED_DEVICE_FAMILY = "1,2";
			};
			name = Release;
		};
		2E881FB5230BCA4C00B3EBCC /* Debug */ = {
			isa = XCBuildConfiguration;
			buildSettings = {
				ALWAYS_EMBED_SWIFT_STANDARD_LIBRARIES = YES;
				BUNDLE_LOADER = "$(TEST_HOST)";
				CODE_SIGN_STYLE = Automatic;
				DEVELOPMENT_TEAM = FSSRZ8K3PS;
				INFOPLIST_FILE = "Magic 8 BallTests/Info.plist";
				LD_RUNPATH_SEARCH_PATHS = (
					"$(inherited)",
					"@executable_path/Frameworks",
					"@loader_path/Frameworks",
				);
				PRODUCT_BUNDLE_IDENTIFIER = "ConstantMD.Magic-8-BallTests";
				PRODUCT_NAME = "$(TARGET_NAME)";
				SWIFT_VERSION = 4.2;
				TARGETED_DEVICE_FAMILY = "1,2";
				TEST_HOST = "$(BUILT_PRODUCTS_DIR)/Magic 8 Ball.app/Magic 8 Ball";
			};
			name = Debug;
		};
		2E881FB6230BCA4C00B3EBCC /* Release */ = {
			isa = XCBuildConfiguration;
			buildSettings = {
				ALWAYS_EMBED_SWIFT_STANDARD_LIBRARIES = YES;
				BUNDLE_LOADER = "$(TEST_HOST)";
				CODE_SIGN_STYLE = Automatic;
				DEVELOPMENT_TEAM = FSSRZ8K3PS;
				INFOPLIST_FILE = "Magic 8 BallTests/Info.plist";
				LD_RUNPATH_SEARCH_PATHS = (
					"$(inherited)",
					"@executable_path/Frameworks",
					"@loader_path/Frameworks",
				);
				PRODUCT_BUNDLE_IDENTIFIER = "ConstantMD.Magic-8-BallTests";
				PRODUCT_NAME = "$(TARGET_NAME)";
				SWIFT_VERSION = 4.2;
				TARGETED_DEVICE_FAMILY = "1,2";
				TEST_HOST = "$(BUILT_PRODUCTS_DIR)/Magic 8 Ball.app/Magic 8 Ball";
			};
			name = Release;
		};
		2E881FB8230BCA4C00B3EBCC /* Debug */ = {
			isa = XCBuildConfiguration;
			buildSettings = {
				ALWAYS_EMBED_SWIFT_STANDARD_LIBRARIES = YES;
				CODE_SIGN_STYLE = Automatic;
				DEVELOPMENT_TEAM = FSSRZ8K3PS;
				INFOPLIST_FILE = "Magic 8 BallUITests/Info.plist";
				LD_RUNPATH_SEARCH_PATHS = (
					"$(inherited)",
					"@executable_path/Frameworks",
					"@loader_path/Frameworks",
				);
				PRODUCT_BUNDLE_IDENTIFIER = "ConstantMD.Magic-8-BallUITests";
				PRODUCT_NAME = "$(TARGET_NAME)";
				SWIFT_VERSION = 4.2;
				TARGETED_DEVICE_FAMILY = "1,2";
				TEST_TARGET_NAME = "Magic 8 Ball";
			};
			name = Debug;
		};
		2E881FB9230BCA4C00B3EBCC /* Release */ = {
			isa = XCBuildConfiguration;
			buildSettings = {
				ALWAYS_EMBED_SWIFT_STANDARD_LIBRARIES = YES;
				CODE_SIGN_STYLE = Automatic;
				DEVELOPMENT_TEAM = FSSRZ8K3PS;
				INFOPLIST_FILE = "Magic 8 BallUITests/Info.plist";
				LD_RUNPATH_SEARCH_PATHS = (
					"$(inherited)",
					"@executable_path/Frameworks",
					"@loader_path/Frameworks",
				);
				PRODUCT_BUNDLE_IDENTIFIER = "ConstantMD.Magic-8-BallUITests";
				PRODUCT_NAME = "$(TARGET_NAME)";
				SWIFT_VERSION = 4.2;
				TARGETED_DEVICE_FAMILY = "1,2";
				TEST_TARGET_NAME = "Magic 8 Ball";
			};
			name = Release;
		};
/* End XCBuildConfiguration section */

/* Begin XCConfigurationList section */
		2E881F84230BCA4900B3EBCC /* Build configuration list for PBXProject "Magic 8 Ball" */ = {
			isa = XCConfigurationList;
			buildConfigurations = (
				2E881FAF230BCA4C00B3EBCC /* Debug */,
				2E881FB0230BCA4C00B3EBCC /* Release */,
			);
			defaultConfigurationIsVisible = 0;
			defaultConfigurationName = Release;
		};
		2E881FB1230BCA4C00B3EBCC /* Build configuration list for PBXNativeTarget "Magic 8 Ball" */ = {
			isa = XCConfigurationList;
			buildConfigurations = (
				2E881FB2230BCA4C00B3EBCC /* Debug */,
				2E881FB3230BCA4C00B3EBCC /* Release */,
			);
			defaultConfigurationIsVisible = 0;
			defaultConfigurationName = Release;
		};
		2E881FB4230BCA4C00B3EBCC /* Build configuration list for PBXNativeTarget "Magic 8 BallTests" */ = {
			isa = XCConfigurationList;
			buildConfigurations = (
				2E881FB5230BCA4C00B3EBCC /* Debug */,
				2E881FB6230BCA4C00B3EBCC /* Release */,
			);
			defaultConfigurationIsVisible = 0;
			defaultConfigurationName = Release;
		};
		2E881FB7230BCA4C00B3EBCC /* Build configuration list for PBXNativeTarget "Magic 8 BallUITests" */ = {
			isa = XCConfigurationList;
			buildConfigurations = (
				2E881FB8230BCA4C00B3EBCC /* Debug */,
				2E881FB9230BCA4C00B3EBCC /* Release */,
			);
			defaultConfigurationIsVisible = 0;
			defaultConfigurationName = Release;
		};
/* End XCConfigurationList section */
	};
	rootObject = 2E881F81230BCA4900B3EBCC /* Project object */;
}
